<?xml version="1.0" encoding="utf-8"?>
<Project ToolsVersion="4.0" xmlns="http://schemas.microsoft.com/developer/msbuild/2003">
  <ItemGroup>
    <ClCompile Include="..\NeuralAmpModeler.cpp" />
    <ClCompile Include="..\..\iPlug2\IGraphics\IGraphics.cpp">
      <Filter>IGraphics</Filter>
    </ClCompile>
    <ClCompile Include="..\..\iPlug2\IGraphics\Platforms\IGraphicsWin.cpp">
      <Filter>IGraphics\Platform</Filter>
    </ClCompile>
    <ClCompile Include="..\..\iPlug2\IGraphics\Controls\IControls.cpp">
      <Filter>IGraphics\Controls</Filter>
    </ClCompile>
    <ClCompile Include="..\..\iPlug2\IGraphics\IControl.cpp">
      <Filter>IGraphics\Controls</Filter>
    </ClCompile>
    <ClCompile Include="..\..\iPlug2\IPlug\IPlugAPIBase.cpp">
      <Filter>IPlug</Filter>
    </ClCompile>
    <ClCompile Include="..\..\iPlug2\IPlug\IPlugParameter.cpp">
      <Filter>IPlug</Filter>
    </ClCompile>
    <ClCompile Include="..\..\iPlug2\IPlug\IPlugPluginBase.cpp">
      <Filter>IPlug</Filter>
    </ClCompile>
    <ClCompile Include="..\..\iPlug2\IPlug\IPlugProcessor.cpp">
      <Filter>IPlug</Filter>
    </ClCompile>
    <ClCompile Include="..\..\iPlug2\IPlug\IPlugTimer.cpp">
      <Filter>IPlug</Filter>
    </ClCompile>
    <ClCompile Include="..\..\iPlug2\IGraphics\Controls\ITextEntryControl.cpp">
      <Filter>IGraphics\Controls</Filter>
    </ClCompile>
    <ClCompile Include="..\..\iPlug2\IGraphics\Controls\IPopupMenuControl.cpp">
      <Filter>IGraphics\Controls</Filter>
    </ClCompile>
    <ClCompile Include="..\..\iPlug2\IPlug\IPlugPaths.cpp">
      <Filter>IPlug</Filter>
    </ClCompile>
    <ClCompile Include="..\..\iPlug2\IPlug\VST2\IPlugVST2.cpp">
      <Filter>IPlug\VST2</Filter>
    </ClCompile>
    <ClCompile Include="..\..\iPlug2\IGraphics\Drawing\IGraphicsNanoVG.cpp">
      <Filter>IGraphics\Drawing</Filter>
    </ClCompile>
    <ClCompile Include="..\..\iPlug2\IGraphics\Drawing\IGraphicsSkia.cpp">
      <Filter>IGraphics\Drawing</Filter>
    </ClCompile>
    <ClCompile Include="..\..\iPlug2\IGraphics\IGraphicsEditorDelegate.cpp">
      <Filter>IGraphics</Filter>
    </ClCompile>
    <ClCompile Include="..\NeuralAmpModelerCore\NAM\convnet.cpp">
      <Filter>NAM</Filter>
    </ClCompile>
    <ClCompile Include="..\NeuralAmpModelerCore\NAM\dsp.cpp">
      <Filter>NAM</Filter>
    </ClCompile>
    <ClCompile Include="..\NeuralAmpModelerCore\NAM\get_dsp.cpp">
      <Filter>NAM</Filter>
    </ClCompile>
    <ClCompile Include="..\NeuralAmpModelerCore\NAM\lstm.cpp">
      <Filter>NAM</Filter>
    </ClCompile>
    <ClCompile Include="..\NeuralAmpModelerCore\NAM\util.cpp">
      <Filter>NAM</Filter>
    </ClCompile>
    <ClCompile Include="..\NeuralAmpModelerCore\NAM\wavenet.cpp">
      <Filter>NAM</Filter>
    </ClCompile>
    <ClCompile Include="..\NeuralAmpModelerCore\NAM\activations.cpp">
      <Filter>NAM</Filter>
    </ClCompile>
    <ClCompile Include="..\AudioDSPTools\dsp\dsp.cpp">
      <Filter>dsp</Filter>
    </ClCompile>
    <ClCompile Include="..\AudioDSPTools\dsp\ImpulseResponse.cpp">
      <Filter>dsp</Filter>
    </ClCompile>
    <ClCompile Include="..\AudioDSPTools\dsp\NoiseGate.cpp">
      <Filter>dsp</Filter>
    </ClCompile>
    <ClCompile Include="..\AudioDSPTools\dsp\RecursiveLinearFilter.cpp">
      <Filter>dsp</Filter>
    </ClCompile>
    <ClCompile Include="..\AudioDSPTools\dsp\wav.cpp">
      <Filter>dsp</Filter>
    </ClCompile>
    <ClCompile Include="..\ToneStack.cpp" />
  </ItemGroup>
  <ItemGroup>
    <ClInclude Include="../config.h" />
    <ClInclude Include="..\NeuralAmpModeler.h" />
    <ClInclude Include="..\resources\resource.h">
      <Filter>resources</Filter>
    </ClInclude>
    <ClInclude Include="..\..\iPlug2\IGraphics\IGraphics.h">
      <Filter>IGraphics</Filter>
    </ClInclude>
    <ClInclude Include="..\..\iPlug2\IGraphics\IGraphicsConstants.h">
      <Filter>IGraphics</Filter>
    </ClInclude>
    <ClInclude Include="..\..\iPlug2\IGraphics\IGraphicsLiveEdit.h">
      <Filter>IGraphics</Filter>
    </ClInclude>
    <ClInclude Include="..\..\iPlug2\IGraphics\IGraphicsPopupMenu.h">
      <Filter>IGraphics</Filter>
    </ClInclude>
    <ClInclude Include="..\..\iPlug2\IGraphics\IGraphicsStructs.h">
      <Filter>IGraphics</Filter>
    </ClInclude>
    <ClInclude Include="..\..\iPlug2\IGraphics\IGraphicsPrivate.h">
      <Filter>IGraphics</Filter>
    </ClInclude>
    <ClInclude Include="..\..\iPlug2\IGraphics\IGraphicsUtilities.h">
      <Filter>IGraphics</Filter>
    </ClInclude>
    <ClInclude Include="..\..\iPlug2\IGraphics\IGraphics_include_in_plug_hdr.h">
      <Filter>IGraphics</Filter>
    </ClInclude>
    <ClInclude Include="..\..\iPlug2\IGraphics\IGraphics_include_in_plug_src.h">
      <Filter>IGraphics</Filter>
    </ClInclude>
    <ClInclude Include="..\..\iPlug2\IGraphics\IGraphics_select.h">
      <Filter>IGraphics</Filter>
    </ClInclude>
    <ClInclude Include="..\..\iPlug2\IGraphics\Drawing\IGraphicsNanoVG.h">
      <Filter>IGraphics\Drawing</Filter>
    </ClInclude>
    <ClInclude Include="..\..\iPlug2\IGraphics\Platforms\IGraphicsLinux.h">
      <Filter>IGraphics\Platform</Filter>
    </ClInclude>
    <ClInclude Include="..\..\iPlug2\IGraphics\Platforms\IGraphicsMac.h">
      <Filter>IGraphics\Platform</Filter>
    </ClInclude>
    <ClInclude Include="..\..\iPlug2\IGraphics\Platforms\IGraphicsMac_view.h">
      <Filter>IGraphics\Platform</Filter>
    </ClInclude>
    <ClInclude Include="..\..\iPlug2\IGraphics\Platforms\IGraphicsWeb.h">
      <Filter>IGraphics\Platform</Filter>
    </ClInclude>
    <ClInclude Include="..\..\iPlug2\IGraphics\Platforms\IGraphicsWin.h">
      <Filter>IGraphics\Platform</Filter>
    </ClInclude>
    <ClInclude Include="..\..\iPlug2\IGraphics\Controls\IControls.h">
      <Filter>IGraphics\Controls</Filter>
    </ClInclude>
    <ClInclude Include="..\..\iPlug2\IGraphics\Controls\IVDropDownListControl.h">
      <Filter>IGraphics\Controls</Filter>
    </ClInclude>
    <ClInclude Include="..\..\iPlug2\IGraphics\Controls\IVKeyboardControl.h">
      <Filter>IGraphics\Controls</Filter>
    </ClInclude>
    <ClInclude Include="..\..\iPlug2\IGraphics\Controls\IVMeterControl.h">
      <Filter>IGraphics\Controls</Filter>
    </ClInclude>
    <ClInclude Include="..\..\iPlug2\IGraphics\Controls\IVScopeControl.h">
      <Filter>IGraphics\Controls</Filter>
    </ClInclude>
    <ClInclude Include="..\..\iPlug2\IGraphics\IControl.h">
      <Filter>IGraphics\Controls</Filter>
    </ClInclude>
    <ClInclude Include="..\..\iPlug2\IPlug\IPlugAPIBase.h">
      <Filter>IPlug</Filter>
    </ClInclude>
    <ClInclude Include="..\..\iPlug2\IPlug\IPlugConstants.h">
      <Filter>IPlug</Filter>
    </ClInclude>
    <ClInclude Include="..\..\iPlug2\IPlug\IPlugEditorDelegate.h">
      <Filter>IPlug</Filter>
    </ClInclude>
    <ClInclude Include="..\..\iPlug2\IPlug\IPlugLogger.h">
      <Filter>IPlug</Filter>
    </ClInclude>
    <ClInclude Include="..\..\iPlug2\IPlug\IPlugMidi.h">
      <Filter>IPlug</Filter>
    </ClInclude>
    <ClInclude Include="..\..\iPlug2\IPlug\IPlugPlatform.h">
      <Filter>IPlug</Filter>
    </ClInclude>
    <ClInclude Include="..\..\iPlug2\IPlug\IPlugParameter.h">
      <Filter>IPlug</Filter>
    </ClInclude>
    <ClInclude Include="..\..\iPlug2\IPlug\IPlugProcessor.h">
      <Filter>IPlug</Filter>
    </ClInclude>
    <ClInclude Include="..\..\iPlug2\IPlug\IPlugStructs.h">
      <Filter>IPlug</Filter>
    </ClInclude>
    <ClInclude Include="..\..\iPlug2\IPlug\IPlugTimer.h">
      <Filter>IPlug</Filter>
    </ClInclude>
    <ClInclude Include="..\..\iPlug2\IPlug\IPlugUtilities.h">
      <Filter>IPlug</Filter>
    </ClInclude>
    <ClInclude Include="..\..\iPlug2\IPlug\IPlug_include_in_plug_hdr.h">
      <Filter>IPlug</Filter>
    </ClInclude>
    <ClInclude Include="..\..\iPlug2\IPlug\IPlug_include_in_plug_src.h">
      <Filter>IPlug</Filter>
    </ClInclude>
    <ClInclude Include="..\..\iPlug2\IGraphics\Controls\ITextEntryControl.h">
      <Filter>IGraphics\Controls</Filter>
    </ClInclude>
    <ClInclude Include="..\..\iPlug2\IGraphics\Controls\IPopupMenuControl.h">
      <Filter>IGraphics\Controls</Filter>
    </ClInclude>
    <ClInclude Include="..\..\iPlug2\IPlug\IPlugPaths.h">
      <Filter>IPlug</Filter>
    </ClInclude>
    <ClInclude Include="..\..\iPlug2\IGraphics\Drawing\IGraphicsSkia.h">
      <Filter>IGraphics\Drawing</Filter>
    </ClInclude>
    <ClInclude Include="..\..\iPlug2\IGraphics\IGraphicsEditorDelegate.h">
      <Filter>IGraphics</Filter>
    </ClInclude>
    <ClInclude Include="..\..\iPlug2\IPlug\IPlugPluginBase.h">
      <Filter>IPlug</Filter>
    </ClInclude>
    <ClInclude Include="..\..\iPlug2\IGraphics\ISender.h">
      <Filter>IGraphics</Filter>
    </ClInclude>
    <ClInclude Include="..\Colors.h" />
    <ClInclude Include="..\NeuralAmpModelerCore\NAM\activations.h">
      <Filter>NAM</Filter>
    </ClInclude>
    <ClInclude Include="..\NeuralAmpModelerCore\NAM\convnet.h">
      <Filter>NAM</Filter>
    </ClInclude>
    <ClInclude Include="..\NeuralAmpModelerCore\NAM\dsp.h">
      <Filter>NAM</Filter>
    </ClInclude>
    <ClInclude Include="..\NeuralAmpModelerCore\NAM\lstm.h">
      <Filter>NAM</Filter>
    </ClInclude>
    <ClInclude Include="..\NeuralAmpModelerCore\NAM\util.h">
      <Filter>NAM</Filter>
    </ClInclude>
    <ClInclude Include="..\NeuralAmpModelerCore\NAM\version.h">
      <Filter>NAM</Filter>
    </ClInclude>
    <ClInclude Include="..\NeuralAmpModelerCore\NAM\wavenet.h">
      <Filter>NAM</Filter>
    </ClInclude>
    <ClInclude Include="..\NeuralAmpModelerControls.h" />
    <ClInclude Include="..\AudioDSPTools\dsp\dsp.h">
      <Filter>dsp</Filter>
    </ClInclude>
    <ClInclude Include="..\AudioDSPTools\dsp\ImpulseResponse.h">
      <Filter>dsp</Filter>
    </ClInclude>
    <ClInclude Include="..\AudioDSPTools\dsp\NoiseGate.h">
      <Filter>dsp</Filter>
    </ClInclude>
    <ClInclude Include="..\AudioDSPTools\dsp\RecursiveLinearFilter.h">
      <Filter>dsp</Filter>
    </ClInclude>
    <ClInclude Include="..\AudioDSPTools\dsp\Resample.h">
      <Filter>dsp</Filter>
    </ClInclude>
    <ClInclude Include="..\AudioDSPTools\dsp\version.h">
      <Filter>dsp</Filter>
    </ClInclude>
    <ClInclude Include="..\AudioDSPTools\dsp\wav.h">
      <Filter>dsp</Filter>
    </ClInclude>
    <ClInclude Include="..\..\iPlug2\IPlug\Extras\NonIntegerResampler.h">
      <Filter>IPlug\Extras</Filter>
    </ClInclude>
    <ClInclude Include="..\..\iPlug2\IPlug\Extras\LanczosResampler.h">
      <Filter>IPlug\Extras</Filter>
    </ClInclude>
    <ClInclude Include="..\AudioDSPTools\dsp\ResamplingContainer\ResamplingContainer.h">
      <Filter>dsp\ResamplingContainer</Filter>
    </ClInclude>
    <ClInclude Include="..\AudioDSPTools\dsp\ResamplingContainer\Dependencies\LanczosResampler.h">
      <Filter>dsp\ResamplingContainer\Dependencies</Filter>
    </ClInclude>
    <ClInclude Include="..\AudioDSPTools\dsp\ResamplingContainer\Dependencies\WDL\heapbuf.h">
      <Filter>dsp\ResamplingContainer\Dependencies\WDL</Filter>
    </ClInclude>
    <ClInclude Include="..\AudioDSPTools\dsp\ResamplingContainer\Dependencies\WDL\ptrlist.h">
      <Filter>dsp\ResamplingContainer\Dependencies\WDL</Filter>
    </ClInclude>
    <ClInclude Include="..\AudioDSPTools\dsp\ResamplingContainer\Dependencies\WDL\wdltypes.h">
      <Filter>dsp\ResamplingContainer\Dependencies\WDL</Filter>
    </ClInclude>
    <ClInclude Include="..\ToneStack.h" />
    <ClInclude Include="..\NeuralAmpModelerCore\NAM\get_dsp.h">
      <Filter>NAM</Filter>
    </ClInclude>
  </ItemGroup>
  <ItemGroup>
    <Filter Include="resources">
      <UniqueIdentifier>{74cd52f2-b3b1-45bf-b24a-5e60e66b70de}</UniqueIdentifier>
    </Filter>
    <Filter Include="IGraphics">
      <UniqueIdentifier>{30a371c3-625a-4283-948b-afc6665bd15e}</UniqueIdentifier>
    </Filter>
    <Filter Include="IGraphics\Drawing">
      <UniqueIdentifier>{0468a615-fe74-4ab5-8e07-f68a4a4d2c61}</UniqueIdentifier>
    </Filter>
    <Filter Include="IGraphics\Platform">
      <UniqueIdentifier>{70240a88-f166-4127-a108-4162d68a58a3}</UniqueIdentifier>
    </Filter>
    <Filter Include="IGraphics\Controls">
      <UniqueIdentifier>{dc3b907e-91a1-483f-a535-c11681237069}</UniqueIdentifier>
    </Filter>
    <Filter Include="IPlug">
      <UniqueIdentifier>{40c50427-6a81-4d1f-a6f2-9712d345f626}</UniqueIdentifier>
    </Filter>
    <Filter Include="IPlug\VST2">
      <UniqueIdentifier>{5674951e-0cfd-4a71-98fb-050914b34427}</UniqueIdentifier>
    </Filter>
    <Filter Include="config">
      <UniqueIdentifier>{0ce889c3-9b8a-47b9-a9b5-7592348bc27f}</UniqueIdentifier>
    </Filter>
    <Filter Include="NAM">
      <UniqueIdentifier>{3d65ee8b-86ee-4713-a5ec-d73919c6419c}</UniqueIdentifier>
    </Filter>
    <Filter Include="dsp">
      <UniqueIdentifier>{ed745419-3921-4abe-8286-170fa316a5ac}</UniqueIdentifier>
    </Filter>
    <Filter Include="IPlug\Extras">
      <UniqueIdentifier>{4b6a01ff-796f-4098-a581-3b22035cc8be}</UniqueIdentifier>
    </Filter>
    <Filter Include="dsp\ResamplingContainer">
      <UniqueIdentifier>{e899ee48-2aa4-4daa-8147-60bc5a3e395e}</UniqueIdentifier>
    </Filter>
    <Filter Include="dsp\ResamplingContainer\Dependencies">
      <UniqueIdentifier>{5dd75b0e-6ab4-45ff-b6f6-f93972c1f58a}</UniqueIdentifier>
    </Filter>
    <Filter Include="dsp\ResamplingContainer\Dependencies\WDL">
      <UniqueIdentifier>{a467e512-e643-4711-ad15-f0cf98f8eef2}</UniqueIdentifier>
    </Filter>
  </ItemGroup>
  <ItemGroup>
    <ResourceCompile Include="..\resources\main.rc">
      <Filter>resources</Filter>
    </ResourceCompile>
  </ItemGroup>
  <ItemGroup>
    <None Include="..\config\NeuralAmpModeler-ios.xcconfig">
      <Filter>config</Filter>
    </None>
    <None Include="..\config\NeuralAmpModeler-web.mk">
      <Filter>config</Filter>
    </None>
    <None Include="..\config\NeuralAmpModeler-win.props">
      <Filter>config</Filter>
    </None>
    <None Include="..\config\NeuralAmpModeler-mac.xcconfig">
      <Filter>config</Filter>
    </None>
  </ItemGroup>
</Project>