
Microsoft Visual Studio Solution File, Format Version 12.00
# Visual Studio Version 17
VisualStudioVersion = 17.4.33122.133
MinimumVisualStudioVersion = 10.0.40219.1
Project("{8BC9CEB8-8B4A-11D0-8D11-00A0C91BC942}") = "NeuralAmpModeler-app", "projects\NeuralAmpModeler-app.vcxproj", "{41785AE4-5B70-4A75-880B-4B418B4E13C6}"
EndProject
Project("{8BC9CEB8-8B4A-11D0-8D11-00A0C91BC942}") = "NeuralAmpModeler-vst3", "projects\NeuralAmpModeler-vst3.vcxproj", "{079FC65A-F0E5-4E97-B318-A16D1D0B89DF}"
EndProject
Project("{8BC9CEB8-8B4A-11D0-8D11-00A0C91BC942}") = "NeuralAmpModeler-aax", "projects\NeuralAmpModeler-aax.vcxproj", "{DC4B5920-933D-4C82-B842-F34431D55A93}"
EndProject
Global
	GlobalSection(SolutionConfigurationPlatforms) = preSolution
		Debug|Win32 = Debug|Win32
		Debug|x64 = Debug|x64
		Release|Win32 = Release|Win32
		Release|x64 = Release|x64
		Release-Clang-x64-v3|Win32 = Release-Clang-x64-v3|Win32
		Release-Clang-x64-v3|x64 = Release-Clang-x64-v3|x64
		Tracer|Win32 = Tracer|Win32
		Tracer|x64 = Tracer|x64
	EndGlobalSection
	GlobalSection(ProjectConfigurationPlatforms) = postSolution
		{41785AE4-5B70-4A75-880B-4B418B4E13C6}.Debug|Win32.ActiveCfg = Debug|Win32
		{41785AE4-5B70-4A75-880B-4B418B4E13C6}.Debug|Win32.Build.0 = Debug|Win32
		{41785AE4-5B70-4A75-880B-4B418B4E13C6}.Debug|x64.ActiveCfg = Debug|x64
		{41785AE4-5B70-4A75-880B-4B418B4E13C6}.Debug|x64.Build.0 = Debug|x64
		{41785AE4-5B70-4A75-880B-4B418B4E13C6}.Release|Win32.ActiveCfg = Release|Win32
		{41785AE4-5B70-4A75-880B-4B418B4E13C6}.Release|Win32.Build.0 = Release|Win32
		{41785AE4-5B70-4A75-880B-4B418B4E13C6}.Release|x64.ActiveCfg = Release|x64
		{41785AE4-5B70-4A75-880B-4B418B4E13C6}.Release|x64.Build.0 = Release|x64
		{41785AE4-5B70-4A75-880B-4B418B4E13C6}.Release-Clang-x64-v3|Win32.ActiveCfg = Release-Clang-x64-v3|Win32
		{41785AE4-5B70-4A75-880B-4B418B4E13C6}.Release-Clang-x64-v3|Win32.Build.0 = Release-Clang-x64-v3|Win32
		{41785AE4-5B70-4A75-880B-4B418B4E13C6}.Release-Clang-x64-v3|x64.ActiveCfg = Release-Clang-x64-v3|x64
		{41785AE4-5B70-4A75-880B-4B418B4E13C6}.Release-Clang-x64-v3|x64.Build.0 = Release-Clang-x64-v3|x64
		{41785AE4-5B70-4A75-880B-4B418B4E13C6}.Tracer|Win32.ActiveCfg = Tracer|Win32
		{41785AE4-5B70-4A75-880B-4B418B4E13C6}.Tracer|Win32.Build.0 = Tracer|Win32
		{41785AE4-5B70-4A75-880B-4B418B4E13C6}.Tracer|x64.ActiveCfg = Tracer|x64
		{41785AE4-5B70-4A75-880B-4B418B4E13C6}.Tracer|x64.Build.0 = Tracer|x64
		{079FC65A-F0E5-4E97-B318-A16D1D0B89DF}.Debug|Win32.ActiveCfg = Debug|Win32
		{079FC65A-F0E5-4E97-B318-A16D1D0B89DF}.Debug|Win32.Build.0 = Debug|Win32
		{079FC65A-F0E5-4E97-B318-A16D1D0B89DF}.Debug|x64.ActiveCfg = Debug|x64
		{079FC65A-F0E5-4E97-B318-A16D1D0B89DF}.Debug|x64.Build.0 = Debug|x64
		{079FC65A-F0E5-4E97-B318-A16D1D0B89DF}.Release|Win32.ActiveCfg = Release|Win32
		{079FC65A-F0E5-4E97-B318-A16D1D0B89DF}.Release|Win32.Build.0 = Release|Win32
		{079FC65A-F0E5-4E97-B318-A16D1D0B89DF}.Release|x64.ActiveCfg = Release|x64
		{079FC65A-F0E5-4E97-B318-A16D1D0B89DF}.Release|x64.Build.0 = Release|x64
		{079FC65A-F0E5-4E97-B318-A16D1D0B89DF}.Release-Clang-x64-v3|Win32.ActiveCfg = Release-Clang-x64-v3|Win32
		{079FC65A-F0E5-4E97-B318-A16D1D0B89DF}.Release-Clang-x64-v3|Win32.Build.0 = Release-Clang-x64-v3|Win32
		{079FC65A-F0E5-4E97-B318-A16D1D0B89DF}.Release-Clang-x64-v3|x64.ActiveCfg = Release-Clang-x64-v3|x64
		{079FC65A-F0E5-4E97-B318-A16D1D0B89DF}.Release-Clang-x64-v3|x64.Build.0 = Release-Clang-x64-v3|x64
		{079FC65A-F0E5-4E97-B318-A16D1D0B89DF}.Tracer|Win32.ActiveCfg = Tracer|Win32
		{079FC65A-F0E5-4E97-B318-A16D1D0B89DF}.Tracer|Win32.Build.0 = Tracer|Win32
		{079FC65A-F0E5-4E97-B318-A16D1D0B89DF}.Tracer|x64.ActiveCfg = Tracer|x64
		{079FC65A-F0E5-4E97-B318-A16D1D0B89DF}.Tracer|x64.Build.0 = Tracer|x64
		{DC4B5920-933D-4C82-B842-F34431D55A93}.Debug|Win32.ActiveCfg = Debug|Win32
		{DC4B5920-933D-4C82-B842-F34431D55A93}.Debug|Win32.Build.0 = Debug|Win32
		{DC4B5920-933D-4C82-B842-F34431D55A93}.Debug|x64.ActiveCfg = Debug|x64
		{DC4B5920-933D-4C82-B842-F34431D55A93}.Debug|x64.Build.0 = Debug|x64
		{DC4B5920-933D-4C82-B842-F34431D55A93}.Release|Win32.ActiveCfg = Release|Win32
		{DC4B5920-933D-4C82-B842-F34431D55A93}.Release|Win32.Build.0 = Release|Win32
		{DC4B5920-933D-4C82-B842-F34431D55A93}.Release|x64.ActiveCfg = Release|x64
		{DC4B5920-933D-4C82-B842-F34431D55A93}.Release|x64.Build.0 = Release|x64
		{DC4B5920-933D-4C82-B842-F34431D55A93}.Release-Clang-x64-v3|Win32.ActiveCfg = Release-Clang-x64-v3|Win32
		{DC4B5920-933D-4C82-B842-F34431D55A93}.Release-Clang-x64-v3|Win32.Build.0 = Release-Clang-x64-v3|Win32
		{DC4B5920-933D-4C82-B842-F34431D55A93}.Release-Clang-x64-v3|x64.ActiveCfg = Release-Clang-x64-v3|x64
		{DC4B5920-933D-4C82-B842-F34431D55A93}.Release-Clang-x64-v3|x64.Build.0 = Release-Clang-x64-v3|x64
		{DC4B5920-933D-4C82-B842-F34431D55A93}.Tracer|Win32.ActiveCfg = Tracer|Win32
		{DC4B5920-933D-4C82-B842-F34431D55A93}.Tracer|Win32.Build.0 = Tracer|Win32
		{DC4B5920-933D-4C82-B842-F34431D55A93}.Tracer|x64.ActiveCfg = Tracer|x64
		{DC4B5920-933D-4C82-B842-F34431D55A93}.Tracer|x64.Build.0 = Tracer|x64
	EndGlobalSection
	GlobalSection(SolutionProperties) = preSolution
		HideSolutionNode = FALSE
	EndGlobalSection
	GlobalSection(ExtensibilityGlobals) = postSolution
		SolutionGuid = {39C95EA8-A7C1-4EB9-93C3-452C5E54C752}
	EndGlobalSection
EndGlobal
